// !$*UTF8*$!
{
	archiveVersion = 1;
	classes = {
	};
	objectVersion = 48;
	objects = {

/* Begin PBXBuildFile section */
		120046A01FE8E3E8008A87F7 /* AppDelegate.swift in Sources */ = {isa = PBXBuildFile; fileRef = 1200469F1FE8E3E8008A87F7 /* AppDelegate.swift */; };
		120046A21FE8E3E9008A87F7 /* DocumentBrowserViewController.swift in Sources */ = {isa = PBXBuildFile; fileRef = 120046A11FE8E3E9008A87F7 /* DocumentBrowserViewController.swift */; };
		120046A61FE8E3E9008A87F7 /* EmojiArtDocument.swift in Sources */ = {isa = PBXBuildFile; fileRef = 120046A51FE8E3E9008A87F7 /* EmojiArtDocument.swift */; };
		120046A91FE8E3E9008A87F7 /* Main.storyboard in Resources */ = {isa = PBXBuildFile; fileRef = 120046A71FE8E3E9008A87F7 /* Main.storyboard */; };
		120046AB1FE8E3E9008A87F7 /* Assets.xcassets in Resources */ = {isa = PBXBuildFile; fileRef = 120046AA1FE8E3E9008A87F7 /* Assets.xcassets */; };
		120046AE1FE8E3E9008A87F7 /* LaunchScreen.storyboard in Resources */ = {isa = PBXBuildFile; fileRef = 120046AC1FE8E3E9008A87F7 /* LaunchScreen.storyboard */; };
		120046BD1FE8E8D7008A87F7 /* TextFieldCollectionViewCell.swift in Sources */ = {isa = PBXBuildFile; fileRef = 120046B61FE8E8D6008A87F7 /* TextFieldCollectionViewCell.swift */; };
		120046BE1FE8E8D7008A87F7 /* EmojiArtView.swift in Sources */ = {isa = PBXBuildFile; fileRef = 120046B71FE8E8D7008A87F7 /* EmojiArtView.swift */; };
		120046BF1FE8E8D7008A87F7 /* EmojiCollectionViewCell.swift in Sources */ = {isa = PBXBuildFile; fileRef = 120046B81FE8E8D7008A87F7 /* EmojiCollectionViewCell.swift */; };
		120046C01FE8E8D7008A87F7 /* EmojiArtView+Gestures.swift in Sources */ = {isa = PBXBuildFile; fileRef = 120046B91FE8E8D7008A87F7 /* EmojiArtView+Gestures.swift */; };
		120046C11FE8E8D7008A87F7 /* EmojiArtViewController.swift in Sources */ = {isa = PBXBuildFile; fileRef = 120046BA1FE8E8D7008A87F7 /* EmojiArtViewController.swift */; };
		120046C21FE8E8D7008A87F7 /* Utilities.swift in Sources */ = {isa = PBXBuildFile; fileRef = 120046BB1FE8E8D7008A87F7 /* Utilities.swift */; };
		120046C31FE8E8D7008A87F7 /* EmojiArt.swift in Sources */ = {isa = PBXBuildFile; fileRef = 120046BC1FE8E8D7008A87F7 /* EmojiArt.swift */; };
/* End PBXBuildFile section */

/* Begin PBXFileReference section */
		1200469C1FE8E3E8008A87F7 /* EmojiArt.app */ = {isa = PBXFileReference; explicitFileType = wrapper.application; includeInIndex = 0; path = EmojiArt.app; sourceTree = BUILT_PRODUCTS_DIR; };
		1200469F1FE8E3E8008A87F7 /* AppDelegate.swift */ = {isa = PBXFileReference; lastKnownFileType = sourcecode.swift; path = AppDelegate.swift; sourceTree = "<group>"; };
		120046A11FE8E3E9008A87F7 /* DocumentBrowserViewController.swift */ = {isa = PBXFileReference; lastKnownFileType = sourcecode.swift; path = DocumentBrowserViewController.swift; sourceTree = "<group>"; };
		120046A51FE8E3E9008A87F7 /* EmojiArtDocument.swift */ = {isa = PBXFileReference; lastKnownFileType = sourcecode.swift; path = EmojiArtDocument.swift; sourceTree = "<group>"; };
		120046A81FE8E3E9008A87F7 /* Base */ = {isa = PBXFileReference; lastKnownFileType = file.storyboard; name = Base; path = Base.lproj/Main.storyboard; sourceTree = "<group>"; };
		120046AA1FE8E3E9008A87F7 /* Assets.xcassets */ = {isa = PBXFileReference; lastKnownFileType = folder.assetcatalog; path = Assets.xcassets; sourceTree = "<group>"; };
		120046AD1FE8E3E9008A87F7 /* Base */ = {isa = PBXFileReference; lastKnownFileType = file.storyboard; name = Base; path = Base.lproj/LaunchScreen.storyboard; sourceTree = "<group>"; };
		120046AF1FE8E3E9008A87F7 /* Info.plist */ = {isa = PBXFileReference; lastKnownFileType = text.plist.xml; path = Info.plist; sourceTree = "<group>"; };
		120046B61FE8E8D6008A87F7 /* TextFieldCollectionViewCell.swift */ = {isa = PBXFileReference; fileEncoding = 4; lastKnownFileType = sourcecode.swift; path = TextFieldCollectionViewCell.swift; sourceTree = "<group>"; };
		120046B71FE8E8D7008A87F7 /* EmojiArtView.swift */ = {isa = PBXFileReference; fileEncoding = 4; lastKnownFileType = sourcecode.swift; path = EmojiArtView.swift; sourceTree = "<group>"; };
		120046B81FE8E8D7008A87F7 /* EmojiCollectionViewCell.swift */ = {isa = PBXFileReference; fileEncoding = 4; lastKnownFileType = sourcecode.swift; path = EmojiCollectionViewCell.swift; sourceTree = "<group>"; };
		120046B91FE8E8D7008A87F7 /* EmojiArtView+Gestures.swift */ = {isa = PBXFileReference; fileEncoding = 4; lastKnownFileType = sourcecode.swift; path = "EmojiArtView+Gestures.swift"; sourceTree = "<group>"; };
		120046BA1FE8E8D7008A87F7 /* EmojiArtViewController.swift */ = {isa = PBXFileReference; fileEncoding = 4; lastKnownFileType = sourcecode.swift; path = EmojiArtViewController.swift; sourceTree = "<group>"; };
		120046BB1FE8E8D7008A87F7 /* Utilities.swift */ = {isa = PBXFileReference; fileEncoding = 4; lastKnownFileType = sourcecode.swift; path = Utilities.swift; sourceTree = "<group>"; };
		120046BC1FE8E8D7008A87F7 /* EmojiArt.swift */ = {isa = PBXFileReference; fileEncoding = 4; lastKnownFileType = sourcecode.swift; path = EmojiArt.swift; sourceTree = "<group>"; };
/* End PBXFileReference section */

/* Begin PBXFrameworksBuildPhase section */
		120046991FE8E3E8008A87F7 /* Frameworks */ = {
			isa = PBXFrameworksBuildPhase;
			buildActionMask = 2147483647;
			files = (
			);
			runOnlyForDeploymentPostprocessing = 0;
		};
/* End PBXFrameworksBuildPhase section */

/* Begin PBXGroup section */
		120046931FE8E3E8008A87F7 = {
			isa = PBXGroup;
			children = (
				1200469E1FE8E3E8008A87F7 /* EmojiArt */,
				1200469D1FE8E3E8008A87F7 /* Products */,
			);
			sourceTree = "<group>";
		};
		1200469D1FE8E3E8008A87F7 /* Products */ = {
			isa = PBXGroup;
			children = (
				1200469C1FE8E3E8008A87F7 /* EmojiArt.app */,
			);
			name = Products;
			sourceTree = "<group>";
		};
		1200469E1FE8E3E8008A87F7 /* EmojiArt */ = {
			isa = PBXGroup;
			children = (
				120046A11FE8E3E9008A87F7 /* DocumentBrowserViewController.swift */,
				120046A51FE8E3E9008A87F7 /* EmojiArtDocument.swift */,
				120046A71FE8E3E9008A87F7 /* Main.storyboard */,
				120046BC1FE8E8D7008A87F7 /* EmojiArt.swift */,
				120046B71FE8E8D7008A87F7 /* EmojiArtView.swift */,
				120046B91FE8E8D7008A87F7 /* EmojiArtView+Gestures.swift */,
				120046BA1FE8E8D7008A87F7 /* EmojiArtViewController.swift */,
				120046B81FE8E8D7008A87F7 /* EmojiCollectionViewCell.swift */,
				120046B61FE8E8D6008A87F7 /* TextFieldCollectionViewCell.swift */,
				120046BB1FE8E8D7008A87F7 /* Utilities.swift */,
				120046AF1FE8E3E9008A87F7 /* Info.plist */,
				120046B51FE8E79E008A87F7 /* Supporting Files */,
			);
			path = EmojiArt;
			sourceTree = "<group>";
		};
		120046B51FE8E79E008A87F7 /* Supporting Files */ = {
			isa = PBXGroup;
			children = (
				1200469F1FE8E3E8008A87F7 /* AppDelegate.swift */,
				120046AA1FE8E3E9008A87F7 /* Assets.xcassets */,
				120046AC1FE8E3E9008A87F7 /* LaunchScreen.storyboard */,
			);
			path = "Supporting Files";
			sourceTree = "<group>";
		};
/* End PBXGroup section */

/* Begin PBXNativeTarget section */
		1200469B1FE8E3E8008A87F7 /* EmojiArt */ = {
			isa = PBXNativeTarget;
			buildConfigurationList = 120046B21FE8E3E9008A87F7 /* Build configuration list for PBXNativeTarget "EmojiArt" */;
			buildPhases = (
				120046981FE8E3E8008A87F7 /* Sources */,
				120046991FE8E3E8008A87F7 /* Frameworks */,
				1200469A1FE8E3E8008A87F7 /* Resources */,
			);
			buildRules = (
			);
			dependencies = (
			);
			name = EmojiArt;
			productName = EmojiArt;
			productReference = 1200469C1FE8E3E8008A87F7 /* EmojiArt.app */;
			productType = "com.apple.product-type.application";
		};
/* End PBXNativeTarget section */

/* Begin PBXProject section */
		120046941FE8E3E8008A87F7 /* Project object */ = {
			isa = PBXProject;
			attributes = {
				LastSwiftUpdateCheck = 0920;
				LastUpgradeCheck = 1010;
				ORGANIZATIONNAME = zzk;
				TargetAttributes = {
					1200469B1FE8E3E8008A87F7 = {
						CreatedOnToolsVersion = 9.2;
						ProvisioningStyle = Automatic;
					};
				};
			};
			buildConfigurationList = 120046971FE8E3E8008A87F7 /* Build configuration list for PBXProject "EmojiArt" */;
			compatibilityVersion = "Xcode 8.0";
			developmentRegion = en;
			hasScannedForEncodings = 0;
			knownRegions = (
				en,
				Base,
			);
			mainGroup = 120046931FE8E3E8008A87F7;
			productRefGroup = 1200469D1FE8E3E8008A87F7 /* Products */;
			projectDirPath = "";
			projectRoot = "";
			targets = (
				1200469B1FE8E3E8008A87F7 /* EmojiArt */,
			);
		};
/* End PBXProject section */

/* Begin PBXResourcesBuildPhase section */
		1200469A1FE8E3E8008A87F7 /* Resources */ = {
			isa = PBXResourcesBuildPhase;
			buildActionMask = 2147483647;
			files = (
				120046AE1FE8E3E9008A87F7 /* LaunchScreen.storyboard in Resources */,
				120046AB1FE8E3E9008A87F7 /* Assets.xcassets in Resources */,
				120046A91FE8E3E9008A87F7 /* Main.storyboard in Resources */,
			);
			runOnlyForDeploymentPostprocessing = 0;
		};
/* End PBXResourcesBuildPhase section */

/* Begin PBXSourcesBuildPhase section */
		120046981FE8E3E8008A87F7 /* Sources */ = {
			isa = PBXSourcesBuildPhase;
			buildActionMask = 2147483647;
			files = (
				120046BD1FE8E8D7008A87F7 /* TextFieldCollectionViewCell.swift in Sources */,
				120046C11FE8E8D7008A87F7 /* EmojiArtViewController.swift in Sources */,
				120046C31FE8E8D7008A87F7 /* EmojiArt.swift in Sources */,
				120046C01FE8E8D7008A87F7 /* EmojiArtView+Gestures.swift in Sources */,
				120046BF1FE8E8D7008A87F7 /* EmojiCollectionViewCell.swift in Sources */,
				120046BE1FE8E8D7008A87F7 /* EmojiArtView.swift in Sources */,
				120046A61FE8E3E9008A87F7 /* EmojiArtDocument.swift in Sources */,
				120046C21FE8E8D7008A87F7 /* Utilities.swift in Sources */,
				120046A21FE8E3E9008A87F7 /* DocumentBrowserViewController.swift in Sources */,
				120046A01FE8E3E8008A87F7 /* AppDelegate.swift in Sources */,
			);
			runOnlyForDeploymentPostprocessing = 0;
		};
/* End PBXSourcesBuildPhase section */

/* Begin PBXVariantGroup section */
		120046A71FE8E3E9008A87F7 /* Main.storyboard */ = {
			isa = PBXVariantGroup;
			children = (
				120046A81FE8E3E9008A87F7 /* Base */,
			);
			name = Main.storyboard;
			sourceTree = "<group>";
		};
		120046AC1FE8E3E9008A87F7 /* LaunchScreen.storyboard */ = {
			isa = PBXVariantGroup;
			children = (
				120046AD1FE8E3E9008A87F7 /* Base */,
			);
			name = LaunchScreen.storyboard;
			sourceTree = "<group>";
		};
/* End PBXVariantGroup section */

/* Begin XCBuildConfiguration section */
		120046B01FE8E3E9008A87F7 /* Debug */ = {
			isa = XCBuildConfiguration;
			buildSettings = {
				ALWAYS_SEARCH_USER_PATHS = NO;
				CLANG_ANALYZER_NONNULL = YES;
				CLANG_ANALYZER_NUMBER_OBJECT_CONVERSION = YES_AGGRESSIVE;
				CLANG_CXX_LANGUAGE_STANDARD = "gnu++14";
				CLANG_CXX_LIBRARY = "libc++";
				CLANG_ENABLE_MODULES = YES;
				CLANG_ENABLE_OBJC_ARC = YES;
				CLANG_WARN_BLOCK_CAPTURE_AUTORELEASING = YES;
				CLANG_WARN_BOOL_CONVERSION = YES;
				CLANG_WARN_COMMA = YES;
				CLANG_WARN_CONSTANT_CONVERSION = YES;
				CLANG_WARN_DEPRECATED_OBJC_IMPLEMENTATIONS = YES;
				CLANG_WARN_DIRECT_OBJC_ISA_USAGE = YES_ERROR;
				CLANG_WARN_DOCUMENTATION_COMMENTS = YES;
				CLANG_WARN_EMPTY_BODY = YES;
				CLANG_WARN_ENUM_CONVERSION = YES;
				CLANG_WARN_INFINITE_RECURSION = YES;
				CLANG_WARN_INT_CONVERSION = YES;
				CLANG_WARN_NON_LITERAL_NULL_CONVERSION = YES;
				CLANG_WARN_OBJC_IMPLICIT_RETAIN_SELF = YES;
				CLANG_WARN_OBJC_LITERAL_CONVERSION = YES;
				CLANG_WARN_OBJC_ROOT_CLASS = YES_ERROR;
				CLANG_WARN_RANGE_LOOP_ANALYSIS = YES;
				CLANG_WARN_STRICT_PROTOTYPES = YES;
				CLANG_WARN_SUSPICIOUS_MOVE = YES;
				CLANG_WARN_UNGUARDED_AVAILABILITY = YES_AGGRESSIVE;
				CLANG_WARN_UNREACHABLE_CODE = YES;
				CLANG_WARN__DUPLICATE_METHOD_MATCH = YES;
				CODE_SIGN_IDENTITY = "iPhone Developer";
				COPY_PHASE_STRIP = NO;
				DEBUG_INFORMATION_FORMAT = dwarf;
				ENABLE_STRICT_OBJC_MSGSEND = YES;
				ENABLE_TESTABILITY = YES;
				GCC_C_LANGUAGE_STANDARD = gnu11;
				GCC_DYNAMIC_NO_PIC = NO;
				GCC_NO_COMMON_BLOCKS = YES;
				GCC_OPTIMIZATION_LEVEL = 0;
				GCC_PREPROCESSOR_DEFINITIONS = (
					"DEBUG=1",
					"$(inherited)",
				);
				GCC_WARN_64_TO_32_BIT_CONVERSION = YES;
				GCC_WARN_ABOUT_RETURN_TYPE = YES_ERROR;
				GCC_WARN_UNDECLARED_SELECTOR = YES;
				GCC_WARN_UNINITIALIZED_AUTOS = YES_AGGRESSIVE;
				GCC_WARN_UNUSED_FUNCTION = YES;
				GCC_WARN_UNUSED_VARIABLE = YES;
				IPHONEOS_DEPLOYMENT_TARGET = 12.1;
				MTL_ENABLE_DEBUG_INFO = YES;
				ONLY_ACTIVE_ARCH = YES;
				SDKROOT = iphoneos;
				SWIFT_ACTIVE_COMPILATION_CONDITIONS = DEBUG;
				SWIFT_OPTIMIZATION_LEVEL = "-Onone";
			};
			name = Debug;
		};
		120046B11FE8E3E9008A87F7 /* Release */ = {
			isa = XCBuildConfiguration;
			buildSettings = {
				ALWAYS_SEARCH_USER_PATHS = NO;
				CLANG_ANALYZER_NONNULL = YES;
				CLANG_ANALYZER_NUMBER_OBJECT_CONVERSION = YES_AGGRESSIVE;
				CLANG_CXX_LANGUAGE_STANDARD = "gnu++14";
				CLANG_CXX_LIBRARY = "libc++";
				CLANG_ENABLE_MODULES = YES;
				CLANG_ENABLE_OBJC_ARC = YES;
				CLANG_WARN_BLOCK_CAPTURE_AUTORELEASING = YES;
				CLANG_WARN_BOOL_CONVERSION = YES;
				CLANG_WARN_COMMA = YES;
				CLANG_WARN_CONSTANT_CONVERSION = YES;
				CLANG_WARN_DEPRECATED_OBJC_IMPLEMENTATIONS = YES;
				CLANG_WARN_DIRECT_OBJC_ISA_USAGE = YES_ERROR;
				CLANG_WARN_DOCUMENTATION_COMMENTS = YES;
				CLANG_WARN_EMPTY_BODY = YES;
				CLANG_WARN_ENUM_CONVERSION = YES;
				CLANG_WARN_INFINITE_RECURSION = YES;
				CLANG_WARN_INT_CONVERSION = YES;
				CLANG_WARN_NON_LITERAL_NULL_CONVERSION = YES;
				CLANG_WARN_OBJC_IMPLICIT_RETAIN_SELF = YES;
				CLANG_WARN_OBJC_LITERAL_CONVERSION = YES;
				CLANG_WARN_OBJC_ROOT_CLASS = YES_ERROR;
				CLANG_WARN_RANGE_LOOP_ANALYSIS = YES;
				CLANG_WARN_STRICT_PROTOTYPES = YES;
				CLANG_WARN_SUSPICIOUS_MOVE = YES;
				CLANG_WARN_UNGUARDED_AVAILABILITY = YES_AGGRESSIVE;
				CLANG_WARN_UNREACHABLE_CODE = YES;
				CLANG_WARN__DUPLICATE_METHOD_MATCH = YES;
				CODE_SIGN_IDENTITY = "iPhone Developer";
				COPY_PHASE_STRIP = NO;
				DEBUG_INFORMATION_FORMAT = "dwarf-with-dsym";
				ENABLE_NS_ASSERTIONS = NO;
				ENABLE_STRICT_OBJC_MSGSEND = YES;
				GCC_C_LANGUAGE_STANDARD = gnu11;
				GCC_NO_COMMON_BLOCKS = YES;
				GCC_WARN_64_TO_32_BIT_CONVERSION = YES;
				GCC_WARN_ABOUT_RETURN_TYPE = YES_ERROR;
				GCC_WARN_UNDECLARED_SELECTOR = YES;
				GCC_WARN_UNINITIALIZED_AUTOS = YES_AGGRESSIVE;
				GCC_WARN_UNUSED_FUNCTION = YES;
				GCC_WARN_UNUSED_VARIABLE = YES;
				IPHONEOS_DEPLOYMENT_TARGET = 12.1;
				MTL_ENABLE_DEBUG_INFO = NO;
				SDKROOT = iphoneos;
				SWIFT_OPTIMIZATION_LEVEL = "-Owholemodule";
				VALIDATE_PRODUCT = YES;
			};
			name = Release;
		};
		120046B31FE8E3E9008A87F7 /* Debug */ = {
			isa = XCBuildConfiguration;
			buildSettings = {
				ASSETCATALOG_COMPILER_APPICON_NAME = AppIcon;
				CODE_SIGN_STYLE = Automatic;
				DEVELOPMENT_TEAM = MXJJEEMF3U;
				INFOPLIST_FILE = EmojiArt/Info.plist;
				LD_RUNPATH_SEARCH_PATHS = "$(inherited) @executable_path/Frameworks";
				PRODUCT_BUNDLE_IDENTIFIER = com.zzk.EmojiArt;
				PRODUCT_NAME = "$(TARGET_NAME)";
				SWIFT_VERSION = 4.0;
				TARGETED_DEVICE_FAMILY = "1,2";
			};
			name = Debug;
		};
		120046B41FE8E3E9008A87F7 /* Release */ = {
			isa = XCBuildConfiguration;
			buildSettings = {
				ASSETCATALOG_COMPILER_APPICON_NAME = AppIcon;
				CODE_SIGN_STYLE = Automatic;
				DEVELOPMENT_TEAM = MXJJEEMF3U;
				INFOPLIST_FILE = EmojiArt/Info.plist;
				LD_RUNPATH_SEARCH_PATHS = "$(inherited) @executable_path/Frameworks";
				PRODUCT_BUNDLE_IDENTIFIER = com.zzk.EmojiArt;
				PRODUCT_NAME = "$(TARGET_NAME)";
				SWIFT_VERSION = 4.0;
				TARGETED_DEVICE_FAMILY = "1,2";
			};
			name = Release;
		};
/* End XCBuildConfiguration section */

/* Begin XCConfigurationList section */
		120046971FE8E3E8008A87F7 /* Build configuration list for PBXProject "EmojiArt" */ = {
			isa = XCConfigurationList;
			buildConfigurations = (
				120046B01FE8E3E9008A87F7 /* Debug */,
				120046B11FE8E3E9008A87F7 /* Release */,
			);
			defaultConfigurationIsVisible = 0;
			defaultConfigurationName = Release;
		};
		120046B21FE8E3E9008A87F7 /* Build configuration list for PBXNativeTarget "EmojiArt" */ = {
			isa = XCConfigurationList;
			buildConfigurations = (
				120046B31FE8E3E9008A87F7 /* Debug */,
				120046B41FE8E3E9008A87F7 /* Release */,
			);
			defaultConfigurationIsVisible = 0;
			defaultConfigurationName = Release;
		};
/* End XCConfigurationList section */
	};
	rootObject = 120046941FE8E3E8008A87F7 /* Project object */;
}
