// !$*UTF8*$!
{
	archiveVersion = 1;
	classes = {
	};
	objectVersion = 50;
	objects = {

/* Begin PBXBuildFile section */
		190FA17C21D0BF990086D02E /* AppDelegate.swift in Sources */ = {isa = PBXBuildFile; fileRef = 190FA17B21D0BF990086D02E /* AppDelegate.swift */; };
		190FA17E21D0BF990086D02E /* DocumentBrowserViewController.swift in Sources */ = {isa = PBXBuildFile; fileRef = 190FA17D21D0BF990086D02E /* DocumentBrowserViewController.swift */; };
		190FA18221D0BF990086D02E /* EmojiArtDocument.swift in Sources */ = {isa = PBXBuildFile; fileRef = 190FA18121D0BF990086D02E /* EmojiArtDocument.swift */; };
		190FA18521D0BF990086D02E /* Main.storyboard in Resources */ = {isa = PBXBuildFile; fileRef = 190FA18321D0BF990086D02E /* Main.storyboard */; };
		190FA18721D0BF9D0086D02E /* Assets.xcassets in Resources */ = {isa = PBXBuildFile; fileRef = 190FA18621D0BF9D0086D02E /* Assets.xcassets */; };
		190FA18A21D0BF9D0086D02E /* LaunchScreen.storyboard in Resources */ = {isa = PBXBuildFile; fileRef = 190FA18821D0BF9D0086D02E /* LaunchScreen.storyboard */; };
		190FA19921D0C2240086D02E /* EmojiCollectionViewCell.swift in Sources */ = {isa = PBXBuildFile; fileRef = 190FA19221D0C2230086D02E /* EmojiCollectionViewCell.swift */; };
		190FA19A21D0C2240086D02E /* EmojiArtView.swift in Sources */ = {isa = PBXBuildFile; fileRef = 190FA19321D0C2240086D02E /* EmojiArtView.swift */; };
		190FA19B21D0C2240086D02E /* EmojiArt.swift in Sources */ = {isa = PBXBuildFile; fileRef = 190FA19421D0C2240086D02E /* EmojiArt.swift */; };
		190FA19C21D0C2240086D02E /* TextFieldCollectionViewCell.swift in Sources */ = {isa = PBXBuildFile; fileRef = 190FA19521D0C2240086D02E /* TextFieldCollectionViewCell.swift */; };
		190FA19D21D0C2240086D02E /* EmojiArtViewController.swift in Sources */ = {isa = PBXBuildFile; fileRef = 190FA19621D0C2240086D02E /* EmojiArtViewController.swift */; };
		190FA19E21D0C2240086D02E /* EmojiArtView+Gestures.swift in Sources */ = {isa = PBXBuildFile; fileRef = 190FA19721D0C2240086D02E /* EmojiArtView+Gestures.swift */; };
		190FA19F21D0C2240086D02E /* Utilities.swift in Sources */ = {isa = PBXBuildFile; fileRef = 190FA19821D0C2240086D02E /* Utilities.swift */; };
		191C408721D0D8AD00772393 /* Contents.json in Resources */ = {isa = PBXBuildFile; fileRef = 191C408521D0D8AD00772393 /* Contents.json */; };
/* End PBXBuildFile section */

/* Begin PBXFileReference section */
		190FA17821D0BF990086D02E /* EmojiArt.app */ = {isa = PBXFileReference; explicitFileType = wrapper.application; includeInIndex = 0; path = EmojiArt.app; sourceTree = BUILT_PRODUCTS_DIR; };
		190FA17B21D0BF990086D02E /* AppDelegate.swift */ = {isa = PBXFileReference; lastKnownFileType = sourcecode.swift; path = AppDelegate.swift; sourceTree = "<group>"; };
		190FA17D21D0BF990086D02E /* DocumentBrowserViewController.swift */ = {isa = PBXFileReference; lastKnownFileType = sourcecode.swift; path = DocumentBrowserViewController.swift; sourceTree = "<group>"; };
		190FA18121D0BF990086D02E /* EmojiArtDocument.swift */ = {isa = PBXFileReference; lastKnownFileType = sourcecode.swift; path = EmojiArtDocument.swift; sourceTree = "<group>"; };
		190FA18421D0BF990086D02E /* Base */ = {isa = PBXFileReference; lastKnownFileType = file.storyboard; name = Base; path = Base.lproj/Main.storyboard; sourceTree = "<group>"; };
		190FA18621D0BF9D0086D02E /* Assets.xcassets */ = {isa = PBXFileReference; lastKnownFileType = folder.assetcatalog; path = Assets.xcassets; sourceTree = "<group>"; };
		190FA18921D0BF9D0086D02E /* Base */ = {isa = PBXFileReference; lastKnownFileType = file.storyboard; name = Base; path = Base.lproj/LaunchScreen.storyboard; sourceTree = "<group>"; };
		190FA18B21D0BF9D0086D02E /* Info.plist */ = {isa = PBXFileReference; lastKnownFileType = text.plist.xml; path = Info.plist; sourceTree = "<group>"; };
		190FA19221D0C2230086D02E /* EmojiCollectionViewCell.swift */ = {isa = PBXFileReference; fileEncoding = 4; lastKnownFileType = sourcecode.swift; path = EmojiCollectionViewCell.swift; sourceTree = "<group>"; };
		190FA19321D0C2240086D02E /* EmojiArtView.swift */ = {isa = PBXFileReference; fileEncoding = 4; lastKnownFileType = sourcecode.swift; path = EmojiArtView.swift; sourceTree = "<group>"; };
		190FA19421D0C2240086D02E /* EmojiArt.swift */ = {isa = PBXFileReference; fileEncoding = 4; lastKnownFileType = sourcecode.swift; path = EmojiArt.swift; sourceTree = "<group>"; };
		190FA19521D0C2240086D02E /* TextFieldCollectionViewCell.swift */ = {isa = PBXFileReference; fileEncoding = 4; lastKnownFileType = sourcecode.swift; path = TextFieldCollectionViewCell.swift; sourceTree = "<group>"; };
		190FA19621D0C2240086D02E /* EmojiArtViewController.swift */ = {isa = PBXFileReference; fileEncoding = 4; lastKnownFileType = sourcecode.swift; path = EmojiArtViewController.swift; sourceTree = "<group>"; };
		190FA19721D0C2240086D02E /* EmojiArtView+Gestures.swift */ = {isa = PBXFileReference; fileEncoding = 4; lastKnownFileType = sourcecode.swift; path = "EmojiArtView+Gestures.swift"; sourceTree = "<group>"; };
		190FA19821D0C2240086D02E /* Utilities.swift */ = {isa = PBXFileReference; fileEncoding = 4; lastKnownFileType = sourcecode.swift; path = Utilities.swift; sourceTree = "<group>"; };
		191C408521D0D8AD00772393 /* Contents.json */ = {isa = PBXFileReference; fileEncoding = 4; lastKnownFileType = text.json; path = Contents.json; sourceTree = "<group>"; };
/* End PBXFileReference section */

/* Begin PBXFrameworksBuildPhase section */
		190FA17521D0BF990086D02E /* Frameworks */ = {
			isa = PBXFrameworksBuildPhase;
			buildActionMask = 2147483647;
			files = (
			);
			runOnlyForDeploymentPostprocessing = 0;
		};
/* End PBXFrameworksBuildPhase section */

/* Begin PBXGroup section */
		190FA16F21D0BF990086D02E = {
			isa = PBXGroup;
			children = (
				190FA17A21D0BF990086D02E /* EmojiArt */,
				190FA17921D0BF990086D02E /* Products */,
			);
			sourceTree = "<group>";
		};
		190FA17921D0BF990086D02E /* Products */ = {
			isa = PBXGroup;
			children = (
				190FA17821D0BF990086D02E /* EmojiArt.app */,
			);
			name = Products;
			sourceTree = "<group>";
		};
		190FA17A21D0BF990086D02E /* EmojiArt */ = {
			isa = PBXGroup;
			children = (
				190FA17D21D0BF990086D02E /* DocumentBrowserViewController.swift */,
				190FA18121D0BF990086D02E /* EmojiArtDocument.swift */,
				190FA18321D0BF990086D02E /* Main.storyboard */,
				190FA19421D0C2240086D02E /* EmojiArt.swift */,
				190FA19321D0C2240086D02E /* EmojiArtView.swift */,
				190FA19721D0C2240086D02E /* EmojiArtView+Gestures.swift */,
				190FA19621D0C2240086D02E /* EmojiArtViewController.swift */,
				190FA19221D0C2230086D02E /* EmojiCollectionViewCell.swift */,
				190FA19521D0C2240086D02E /* TextFieldCollectionViewCell.swift */,
				190FA19821D0C2240086D02E /* Utilities.swift */,
				190FA19121D0BFC20086D02E /* Supporting Files */,
				190FA18B21D0BF9D0086D02E /* Info.plist */,
			);
			path = EmojiArt;
			sourceTree = "<group>";
		};
		190FA19121D0BFC20086D02E /* Supporting Files */ = {
			isa = PBXGroup;
			children = (
				190FA17B21D0BF990086D02E /* AppDelegate.swift */,
				190FA18621D0BF9D0086D02E /* Assets.xcassets */,
				191C408521D0D8AD00772393 /* Contents.json */,
				190FA18821D0BF9D0086D02E /* LaunchScreen.storyboard */,
			);
			name = "Supporting Files";
			sourceTree = "<group>";
		};
/* End PBXGroup section */

/* Begin PBXNativeTarget section */
		190FA17721D0BF990086D02E /* EmojiArt */ = {
			isa = PBXNativeTarget;
			buildConfigurationList = 190FA18E21D0BF9D0086D02E /* Build configuration list for PBXNativeTarget "EmojiArt" */;
			buildPhases = (
				190FA17421D0BF990086D02E /* Sources */,
				190FA17521D0BF990086D02E /* Frameworks */,
				190FA17621D0BF990086D02E /* Resources */,
			);
			buildRules = (
			);
			dependencies = (
			);
			name = EmojiArt;
			productName = EmojiArt;
			productReference = 190FA17821D0BF990086D02E /* EmojiArt.app */;
			productType = "com.apple.product-type.application";
		};
/* End PBXNativeTarget section */

/* Begin PBXProject section */
		190FA17021D0BF990086D02E /* Project object */ = {
			isa = PBXProject;
			attributes = {
				LastSwiftUpdateCheck = 1010;
				LastUpgradeCheck = 1010;
				ORGANIZATIONNAME = JoyChans;
				TargetAttributes = {
					190FA17721D0BF990086D02E = {
						CreatedOnToolsVersion = 10.1;
					};
				};
			};
			buildConfigurationList = 190FA17321D0BF990086D02E /* Build configuration list for PBXProject "EmojiArt" */;
			compatibilityVersion = "Xcode 9.3";
			developmentRegion = en;
			hasScannedForEncodings = 0;
			knownRegions = (
				en,
				Base,
			);
			mainGroup = 190FA16F21D0BF990086D02E;
			productRefGroup = 190FA17921D0BF990086D02E /* Products */;
			projectDirPath = "";
			projectRoot = "";
			targets = (
				190FA17721D0BF990086D02E /* EmojiArt */,
			);
		};
/* End PBXProject section */

/* Begin PBXResourcesBuildPhase section */
		190FA17621D0BF990086D02E /* Resources */ = {
			isa = PBXResourcesBuildPhase;
			buildActionMask = 2147483647;
			files = (
				191C408721D0D8AD00772393 /* Contents.json in Resources */,
				190FA18A21D0BF9D0086D02E /* LaunchScreen.storyboard in Resources */,
				190FA18721D0BF9D0086D02E /* Assets.xcassets in Resources */,
				190FA18521D0BF990086D02E /* Main.storyboard in Resources */,
			);
			runOnlyForDeploymentPostprocessing = 0;
		};
/* End PBXResourcesBuildPhase section */

/* Begin PBXSourcesBuildPhase section */
		190FA17421D0BF990086D02E /* Sources */ = {
			isa = PBXSourcesBuildPhase;
			buildActionMask = 2147483647;
			files = (
				190FA19B21D0C2240086D02E /* EmojiArt.swift in Sources */,
				190FA19D21D0C2240086D02E /* EmojiArtViewController.swift in Sources */,
				190FA19E21D0C2240086D02E /* EmojiArtView+Gestures.swift in Sources */,
				190FA19C21D0C2240086D02E /* TextFieldCollectionViewCell.swift in Sources */,
				190FA18221D0BF990086D02E /* EmojiArtDocument.swift in Sources */,
				190FA19A21D0C2240086D02E /* EmojiArtView.swift in Sources */,
				190FA17E21D0BF990086D02E /* DocumentBrowserViewController.swift in Sources */,
				190FA17C21D0BF990086D02E /* AppDelegate.swift in Sources */,
				190FA19F21D0C2240086D02E /* Utilities.swift in Sources */,
				190FA19921D0C2240086D02E /* EmojiCollectionViewCell.swift in Sources */,
			);
			runOnlyForDeploymentPostprocessing = 0;
		};
/* End PBXSourcesBuildPhase section */

/* Begin PBXVariantGroup section */
		190FA18321D0BF990086D02E /* Main.storyboard */ = {
			isa = PBXVariantGroup;
			children = (
				190FA18421D0BF990086D02E /* Base */,
			);
			name = Main.storyboard;
			sourceTree = "<group>";
		};
		190FA18821D0BF9D0086D02E /* LaunchScreen.storyboard */ = {
			isa = PBXVariantGroup;
			children = (
				190FA18921D0BF9D0086D02E /* Base */,
			);
			name = LaunchScreen.storyboard;
			sourceTree = "<group>";
		};
/* End PBXVariantGroup section */

/* Begin XCBuildConfiguration section */
		190FA18C21D0BF9D0086D02E /* Debug */ = {
			isa = XCBuildConfiguration;
			buildSettings = {
				ALWAYS_SEARCH_USER_PATHS = NO;
				CLANG_ANALYZER_NONNULL = YES;
				CLANG_ANALYZER_NUMBER_OBJECT_CONVERSION = YES_AGGRESSIVE;
				CLANG_CXX_LANGUAGE_STANDARD = "gnu++14";
				CLANG_CXX_LIBRARY = "libc++";
				CLANG_ENABLE_MODULES = YES;
				CLANG_ENABLE_OBJC_ARC = YES;
				CLANG_ENABLE_OBJC_WEAK = YES;
				CLANG_WARN_BLOCK_CAPTURE_AUTORELEASING = YES;
				CLANG_WARN_BOOL_CONVERSION = YES;
				CLANG_WARN_COMMA = YES;
				CLANG_WARN_CONSTANT_CONVERSION = YES;
				CLANG_WARN_DEPRECATED_OBJC_IMPLEMENTATIONS = YES;
				CLANG_WARN_DIRECT_OBJC_ISA_USAGE = YES_ERROR;
				CLANG_WARN_DOCUMENTATION_COMMENTS = YES;
				CLANG_WARN_EMPTY_BODY = YES;
				CLANG_WARN_ENUM_CONVERSION = YES;
				CLANG_WARN_INFINITE_RECURSION = YES;
				CLANG_WARN_INT_CONVERSION = YES;
				CLANG_WARN_NON_LITERAL_NULL_CONVERSION = YES;
				CLANG_WARN_OBJC_IMPLICIT_RETAIN_SELF = YES;
				CLANG_WARN_OBJC_LITERAL_CONVERSION = YES;
				CLANG_WARN_OBJC_ROOT_CLASS = YES_ERROR;
				CLANG_WARN_RANGE_LOOP_ANALYSIS = YES;
				CLANG_WARN_STRICT_PROTOTYPES = YES;
				CLANG_WARN_SUSPICIOUS_MOVE = YES;
				CLANG_WARN_UNGUARDED_AVAILABILITY = YES_AGGRESSIVE;
				CLANG_WARN_UNREACHABLE_CODE = YES;
				CLANG_WARN__DUPLICATE_METHOD_MATCH = YES;
				CODE_SIGN_IDENTITY = "iPhone Developer";
				COPY_PHASE_STRIP = NO;
				DEBUG_INFORMATION_FORMAT = dwarf;
				ENABLE_STRICT_OBJC_MSGSEND = YES;
				ENABLE_TESTABILITY = YES;
				GCC_C_LANGUAGE_STANDARD = gnu11;
				GCC_DYNAMIC_NO_PIC = NO;
				GCC_NO_COMMON_BLOCKS = YES;
				GCC_OPTIMIZATION_LEVEL = 0;
				GCC_PREPROCESSOR_DEFINITIONS = (
					"DEBUG=1",
					"$(inherited)",
				);
				GCC_WARN_64_TO_32_BIT_CONVERSION = YES;
				GCC_WARN_ABOUT_RETURN_TYPE = YES_ERROR;
				GCC_WARN_UNDECLARED_SELECTOR = YES;
				GCC_WARN_UNINITIALIZED_AUTOS = YES_AGGRESSIVE;
				GCC_WARN_UNUSED_FUNCTION = YES;
				GCC_WARN_UNUSED_VARIABLE = YES;
				IPHONEOS_DEPLOYMENT_TARGET = 12.1;
				MTL_ENABLE_DEBUG_INFO = INCLUDE_SOURCE;
				MTL_FAST_MATH = YES;
				ONLY_ACTIVE_ARCH = YES;
				SDKROOT = iphoneos;
				SWIFT_ACTIVE_COMPILATION_CONDITIONS = DEBUG;
				SWIFT_OPTIMIZATION_LEVEL = "-Onone";
			};
			name = Debug;
		};
		190FA18D21D0BF9D0086D02E /* Release */ = {
			isa = XCBuildConfiguration;
			buildSettings = {
				ALWAYS_SEARCH_USER_PATHS = NO;
				CLANG_ANALYZER_NONNULL = YES;
				CLANG_ANALYZER_NUMBER_OBJECT_CONVERSION = YES_AGGRESSIVE;
				CLANG_CXX_LANGUAGE_STANDARD = "gnu++14";
				CLANG_CXX_LIBRARY = "libc++";
				CLANG_ENABLE_MODULES = YES;
				CLANG_ENABLE_OBJC_ARC = YES;
				CLANG_ENABLE_OBJC_WEAK = YES;
				CLANG_WARN_BLOCK_CAPTURE_AUTORELEASING = YES;
				CLANG_WARN_BOOL_CONVERSION = YES;
				CLANG_WARN_COMMA = YES;
				CLANG_WARN_CONSTANT_CONVERSION = YES;
				CLANG_WARN_DEPRECATED_OBJC_IMPLEMENTATIONS = YES;
				CLANG_WARN_DIRECT_OBJC_ISA_USAGE = YES_ERROR;
				CLANG_WARN_DOCUMENTATION_COMMENTS = YES;
				CLANG_WARN_EMPTY_BODY = YES;
				CLANG_WARN_ENUM_CONVERSION = YES;
				CLANG_WARN_INFINITE_RECURSION = YES;
				CLANG_WARN_INT_CONVERSION = YES;
				CLANG_WARN_NON_LITERAL_NULL_CONVERSION = YES;
				CLANG_WARN_OBJC_IMPLICIT_RETAIN_SELF = YES;
				CLANG_WARN_OBJC_LITERAL_CONVERSION = YES;
				CLANG_WARN_OBJC_ROOT_CLASS = YES_ERROR;
				CLANG_WARN_RANGE_LOOP_ANALYSIS = YES;
				CLANG_WARN_STRICT_PROTOTYPES = YES;
				CLANG_WARN_SUSPICIOUS_MOVE = YES;
				CLANG_WARN_UNGUARDED_AVAILABILITY = YES_AGGRESSIVE;
				CLANG_WARN_UNREACHABLE_CODE = YES;
				CLANG_WARN__DUPLICATE_METHOD_MATCH = YES;
				CODE_SIGN_IDENTITY = "iPhone Developer";
				COPY_PHASE_STRIP = NO;
				DEBUG_INFORMATION_FORMAT = "dwarf-with-dsym";
				ENABLE_NS_ASSERTIONS = NO;
				ENABLE_STRICT_OBJC_MSGSEND = YES;
				GCC_C_LANGUAGE_STANDARD = gnu11;
				GCC_NO_COMMON_BLOCKS = YES;
				GCC_WARN_64_TO_32_BIT_CONVERSION = YES;
				GCC_WARN_ABOUT_RETURN_TYPE = YES_ERROR;
				GCC_WARN_UNDECLARED_SELECTOR = YES;
				GCC_WARN_UNINITIALIZED_AUTOS = YES_AGGRESSIVE;
				GCC_WARN_UNUSED_FUNCTION = YES;
				GCC_WARN_UNUSED_VARIABLE = YES;
				IPHONEOS_DEPLOYMENT_TARGET = 12.1;
				MTL_ENABLE_DEBUG_INFO = NO;
				MTL_FAST_MATH = YES;
				SDKROOT = iphoneos;
				SWIFT_COMPILATION_MODE = wholemodule;
				SWIFT_OPTIMIZATION_LEVEL = "-O";
				VALIDATE_PRODUCT = YES;
			};
			name = Release;
		};
		190FA18F21D0BF9D0086D02E /* Debug */ = {
			isa = XCBuildConfiguration;
			buildSettings = {
				ASSETCATALOG_COMPILER_APPICON_NAME = AppIcon;
				CODE_SIGN_STYLE = Automatic;
				DEVELOPMENT_TEAM = S5VHK5HAAF;
				INFOPLIST_FILE = EmojiArt/Info.plist;
				IPHONEOS_DEPLOYMENT_TARGET = 11.2;
				LD_RUNPATH_SEARCH_PATHS = (
					"$(inherited)",
					"@executable_path/Frameworks",
				);
				PRODUCT_BUNDLE_IDENTIFIER = JoyChanCN.EmojiArt;
				PRODUCT_NAME = "$(TARGET_NAME)";
				SWIFT_VERSION = 4.2;
				TARGETED_DEVICE_FAMILY = "1,2";
			};
			name = Debug;
		};
		190FA19021D0BF9D0086D02E /* Release */ = {
			isa = XCBuildConfiguration;
			buildSettings = {
				ASSETCATALOG_COMPILER_APPICON_NAME = AppIcon;
				CODE_SIGN_STYLE = Automatic;
				DEVELOPMENT_TEAM = S5VHK5HAAF;
				INFOPLIST_FILE = EmojiArt/Info.plist;
				IPHONEOS_DEPLOYMENT_TARGET = 11.2;
				LD_RUNPATH_SEARCH_PATHS = (
					"$(inherited)",
					"@executable_path/Frameworks",
				);
				PRODUCT_BUNDLE_IDENTIFIER = JoyChanCN.EmojiArt;
				PRODUCT_NAME = "$(TARGET_NAME)";
				SWIFT_VERSION = 4.2;
				TARGETED_DEVICE_FAMILY = "1,2";
			};
			name = Release;
		};
/* End XCBuildConfiguration section */

/* Begin XCConfigurationList section */
		190FA17321D0BF990086D02E /* Build configuration list for PBXProject "EmojiArt" */ = {
			isa = XCConfigurationList;
			buildConfigurations = (
				190FA18C21D0BF9D0086D02E /* Debug */,
				190FA18D21D0BF9D0086D02E /* Release */,
			);
			defaultConfigurationIsVisible = 0;
			defaultConfigurationName = Release;
		};
		190FA18E21D0BF9D0086D02E /* Build configuration list for PBXNativeTarget "EmojiArt" */ = {
			isa = XCConfigurationList;
			buildConfigurations = (
				190FA18F21D0BF9D0086D02E /* Debug */,
				190FA19021D0BF9D0086D02E /* Release */,
			);
			defaultConfigurationIsVisible = 0;
			defaultConfigurationName = Release;
		};
/* End XCConfigurationList section */
	};
	rootObject = 190FA17021D0BF990086D02E /* Project object */;
}
